// !$*UTF8*$!
{
	archiveVersion = 1;
	classes = {
	};
	objectVersion = 46;
	objects = {

/* Begin PBXBuildFile section */
		41312FB11731FB8C0007A6C7 /* GLKit.framework in Frameworks */ = {isa = PBXBuildFile; fileRef = 41312FB01731FB8C0007A6C7 /* GLKit.framework */; };
		41312FB31731FBAA0007A6C7 /* OpenGLES.framework in Frameworks */ = {isa = PBXBuildFile; fileRef = 41312FB21731FBAA0007A6C7 /* OpenGLES.framework */; };
		41312FB91731FD3D0007A6C7 /* Foundation.framework in Frameworks */ = {isa = PBXBuildFile; fileRef = 41E5907917234BB20067E971 /* Foundation.framework */; };
		41312FBE1731FD3D0007A6C7 /* SignatureGLView.h in CopyFiles */ = {isa = PBXBuildFile; fileRef = 41312FBD1731FD3D0007A6C7 /* SignatureGLView.h */; };
		41312FC01731FD3D0007A6C7 /* SignatureGLView.m in Sources */ = {isa = PBXBuildFile; fileRef = 41312FBF1731FD3D0007A6C7 /* SignatureGLView.m */; };
		41312FC61731FD660007A6C7 /* NICSignatureView.m in Sources */ = {isa = PBXBuildFile; fileRef = 41312FC51731FD660007A6C7 /* NICSignatureView.m */; };
		41312FC71731FD7F0007A6C7 /* libSignatureGLView.a in Frameworks */ = {isa = PBXBuildFile; fileRef = 41312FB81731FD3D0007A6C7 /* libSignatureGLView.a */; };
		413EFE86172CCD39001A0BE3 /* FormGroup.m in Sources */ = {isa = PBXBuildFile; fileRef = 413EFE85172CCD39001A0BE3 /* FormGroup.m */; };
		413EFE88172CD81A001A0BE3 /* ManifestCellHeader.xib in Resources */ = {isa = PBXBuildFile; fileRef = 413EFE87172CD81A001A0BE3 /* ManifestCellHeader.xib */; };
		413EFE8B172CD862001A0BE3 /* ManifestCellHeader.m in Sources */ = {isa = PBXBuildFile; fileRef = 413EFE8A172CD862001A0BE3 /* ManifestCellHeader.m */; };
		415C6A6517388BF300970358 /* ImageUtils.m in Sources */ = {isa = PBXBuildFile; fileRef = 415C6A6417388BF300970358 /* ImageUtils.m */; };
		415C6A6A1738911F00970358 /* AttachedPhotosViewController.m in Sources */ = {isa = PBXBuildFile; fileRef = 415C6A681738911F00970358 /* AttachedPhotosViewController.m */; };
		415C6A6B1738911F00970358 /* AttachedPhotosViewController.xib in Resources */ = {isa = PBXBuildFile; fileRef = 415C6A691738911F00970358 /* AttachedPhotosViewController.xib */; };
		415C6A711738ABD300970358 /* logo.gif in Resources */ = {isa = PBXBuildFile; fileRef = 415C6A701738ABD300970358 /* logo.gif */; };
		4163014B17488FB900FB4C44 /* form.png in Resources */ = {isa = PBXBuildFile; fileRef = 4163014917488FB900FB4C44 /* form.png */; };
		4163014C17488FB900FB4C44 /* form@2x.png in Resources */ = {isa = PBXBuildFile; fileRef = 4163014A17488FB900FB4C44 /* form@2x.png */; };
		416301511748914200FB4C44 /* check-icon.png in Resources */ = {isa = PBXBuildFile; fileRef = 4163014D1748914200FB4C44 /* check-icon.png */; };
		416301521748914200FB4C44 /* check-icon@2x.png in Resources */ = {isa = PBXBuildFile; fileRef = 4163014E1748914200FB4C44 /* check-icon@2x.png */; };
		416301531748914200FB4C44 /* uncheck-icon.png in Resources */ = {isa = PBXBuildFile; fileRef = 4163014F1748914200FB4C44 /* uncheck-icon.png */; };
		416301541748914200FB4C44 /* uncheck-icon@2x.png in Resources */ = {isa = PBXBuildFile; fileRef = 416301501748914200FB4C44 /* uncheck-icon@2x.png */; };
		41630159174892F300FB4C44 /* box-checked.png in Resources */ = {isa = PBXBuildFile; fileRef = 41630155174892F300FB4C44 /* box-checked.png */; };
		4163015A174892F300FB4C44 /* box-checked@2x.png in Resources */ = {isa = PBXBuildFile; fileRef = 41630156174892F300FB4C44 /* box-checked@2x.png */; };
		4163015B174892F300FB4C44 /* box-unchecked.png in Resources */ = {isa = PBXBuildFile; fileRef = 41630157174892F300FB4C44 /* box-unchecked.png */; };
		4163015C174892F300FB4C44 /* box-unchecked@2x.png in Resources */ = {isa = PBXBuildFile; fileRef = 41630158174892F300FB4C44 /* box-unchecked@2x.png */; };
		41DB66CE1726191500F7FFEB /* DatePickerViewController.m in Sources */ = {isa = PBXBuildFile; fileRef = 41DB66CC1726191500F7FFEB /* DatePickerViewController.m */; };
		41DB66CF1726191500F7FFEB /* DatePickerViewController.xib in Resources */ = {isa = PBXBuildFile; fileRef = 41DB66CD1726191500F7FFEB /* DatePickerViewController.xib */; };
		41DCBD02172F523200C0C2DB /* SignatureView.xib in Resources */ = {isa = PBXBuildFile; fileRef = 41DCBD01172F523200C0C2DB /* SignatureView.xib */; };
		41DCBD05172F528D00C0C2DB /* SignatureView.m in Sources */ = {isa = PBXBuildFile; fileRef = 41DCBD04172F528D00C0C2DB /* SignatureView.m */; };
		41DFAD7E172B84E0001C8E58 /* FormRepository.m in Sources */ = {isa = PBXBuildFile; fileRef = 41DFAD7D172B84E0001C8E58 /* FormRepository.m */; };
		41DFAD86172B8999001C8E58 /* example.csv in Resources */ = {isa = PBXBuildFile; fileRef = 41DFAD85172B8999001C8E58 /* example.csv */; };
		41DFAD8C172B9B85001C8E58 /* CHCSVParser.m in Sources */ = {isa = PBXBuildFile; fileRef = 41DFAD8B172B9B28001C8E58 /* CHCSVParser.m */; };
		41E014021728AD3700058041 /* BaseViewController.m in Sources */ = {isa = PBXBuildFile; fileRef = 41E014011728AD3700058041 /* BaseViewController.m */; };
		41E3B33E17238A3300CF7E30 /* buttonBackground.png in Resources */ = {isa = PBXBuildFile; fileRef = 41E3B33817238A3300CF7E30 /* buttonBackground.png */; };
		41E3B33F17238A3300CF7E30 /* buttonBackground@2x.png in Resources */ = {isa = PBXBuildFile; fileRef = 41E3B33917238A3300CF7E30 /* buttonBackground@2x.png */; };
		41E3B34017238A3300CF7E30 /* buttonBackgroundPressed.png in Resources */ = {isa = PBXBuildFile; fileRef = 41E3B33A17238A3300CF7E30 /* buttonBackgroundPressed.png */; };
		41E3B34117238A3300CF7E30 /* buttonBackgroundPressed@2x.png in Resources */ = {isa = PBXBuildFile; fileRef = 41E3B33B17238A3300CF7E30 /* buttonBackgroundPressed@2x.png */; };
		41E3B34217238A3300CF7E30 /* loginBackground.png in Resources */ = {isa = PBXBuildFile; fileRef = 41E3B33C17238A3300CF7E30 /* loginBackground.png */; };
		41E3B34317238A3300CF7E30 /* loginBackground@2x.png in Resources */ = {isa = PBXBuildFile; fileRef = 41E3B33D17238A3300CF7E30 /* loginBackground@2x.png */; };
		41E3B34817238BB600CF7E30 /* ManifestViewController.m in Sources */ = {isa = PBXBuildFile; fileRef = 41E3B34617238BB600CF7E30 /* ManifestViewController.m */; };
		41E3B34917238BB600CF7E30 /* ManifestViewController.xib in Resources */ = {isa = PBXBuildFile; fileRef = 41E3B34717238BB600CF7E30 /* ManifestViewController.xib */; };
		41E3B34C17238ECD00CF7E30 /* ManifestCell.m in Sources */ = {isa = PBXBuildFile; fileRef = 41E3B34B17238ECD00CF7E30 /* ManifestCell.m */; };
		41E3B35017238EFA00CF7E30 /* ManifestCell.xib in Resources */ = {isa = PBXBuildFile; fileRef = 41E3B34F17238EFA00CF7E30 /* ManifestCell.xib */; };
		41E3B355172391C900CF7E30 /* FormViewController.m in Sources */ = {isa = PBXBuildFile; fileRef = 41E3B353172391C900CF7E30 /* FormViewController.m */; };
		41E3B356172391C900CF7E30 /* FormViewController.xib in Resources */ = {isa = PBXBuildFile; fileRef = 41E3B354172391C900CF7E30 /* FormViewController.xib */; };
		41E3B35E1723A60800CF7E30 /* Item.m in Sources */ = {isa = PBXBuildFile; fileRef = 41E3B35D1723A60800CF7E30 /* Item.m */; };
		41E3B3611723A73C00CF7E30 /* Form.m in Sources */ = {isa = PBXBuildFile; fileRef = 41E3B3601723A73C00CF7E30 /* Form.m */; };
		41E5907817234BB20067E971 /* UIKit.framework in Frameworks */ = {isa = PBXBuildFile; fileRef = 41E5907717234BB20067E971 /* UIKit.framework */; };
		41E5907A17234BB20067E971 /* Foundation.framework in Frameworks */ = {isa = PBXBuildFile; fileRef = 41E5907917234BB20067E971 /* Foundation.framework */; };
		41E5907C17234BB20067E971 /* CoreGraphics.framework in Frameworks */ = {isa = PBXBuildFile; fileRef = 41E5907B17234BB20067E971 /* CoreGraphics.framework */; };
		41E5908217234BB20067E971 /* InfoPlist.strings in Resources */ = {isa = PBXBuildFile; fileRef = 41E5908017234BB20067E971 /* InfoPlist.strings */; };
		41E5908417234BB20067E971 /* main.m in Sources */ = {isa = PBXBuildFile; fileRef = 41E5908317234BB20067E971 /* main.m */; };
		41E5908817234BB20067E971 /* AppDelegate.m in Sources */ = {isa = PBXBuildFile; fileRef = 41E5908717234BB20067E971 /* AppDelegate.m */; };
		41E5908A17234BB20067E971 /* Default.png in Resources */ = {isa = PBXBuildFile; fileRef = 41E5908917234BB20067E971 /* Default.png */; };
		41E5908C17234BB20067E971 /* Default@2x.png in Resources */ = {isa = PBXBuildFile; fileRef = 41E5908B17234BB20067E971 /* Default@2x.png */; };
		41E5908E17234BB20067E971 /* Default-568h@2x.png in Resources */ = {isa = PBXBuildFile; fileRef = 41E5908D17234BB20067E971 /* Default-568h@2x.png */; };
		41E5909117234BB20067E971 /* LoginViewController.m in Sources */ = {isa = PBXBuildFile; fileRef = 41E5909017234BB20067E971 /* LoginViewController.m */; };
		41E5909417234BB20067E971 /* LoginViewController.xib in Resources */ = {isa = PBXBuildFile; fileRef = 41E5909217234BB20067E971 /* LoginViewController.xib */; };
		41E5FE0D172D953100E197EB /* PDFGenerator.m in Sources */ = {isa = PBXBuildFile; fileRef = 41E5FE0C172D953100E197EB /* PDFGenerator.m */; };
		41E5FE0F172D959200E197EB /* QuartzCore.framework in Frameworks */ = {isa = PBXBuildFile; fileRef = 41E5FE0E172D959200E197EB /* QuartzCore.framework */; };
		41ED6CEA1739ECB7002F2F23 /* MessageUI.framework in Frameworks */ = {isa = PBXBuildFile; fileRef = 41ED6CE91739ECB7002F2F23 /* MessageUI.framework */; };
/* End PBXBuildFile section */

/* Begin PBXCopyFilesBuildPhase section */
		41312FB61731FD3D0007A6C7 /* CopyFiles */ = {
			isa = PBXCopyFilesBuildPhase;
			buildActionMask = 2147483647;
			dstPath = "include/${PRODUCT_NAME}";
			dstSubfolderSpec = 16;
			files = (
				41312FBE1731FD3D0007A6C7 /* SignatureGLView.h in CopyFiles */,
			);
			runOnlyForDeploymentPostprocessing = 0;
		};
/* End PBXCopyFilesBuildPhase section */

/* Begin PBXFileReference section */
		41312FB01731FB8C0007A6C7 /* GLKit.framework */ = {isa = PBXFileReference; lastKnownFileType = wrapper.framework; name = GLKit.framework; path = System/Library/Frameworks/GLKit.framework; sourceTree = SDKROOT; };
		41312FB21731FBAA0007A6C7 /* OpenGLES.framework */ = {isa = PBXFileReference; lastKnownFileType = wrapper.framework; name = OpenGLES.framework; path = System/Library/Frameworks/OpenGLES.framework; sourceTree = SDKROOT; };
		41312FB81731FD3D0007A6C7 /* libSignatureGLView.a */ = {isa = PBXFileReference; explicitFileType = archive.ar; includeInIndex = 0; path = libSignatureGLView.a; sourceTree = BUILT_PRODUCTS_DIR; };
		41312FBC1731FD3D0007A6C7 /* SignatureGLView-Prefix.pch */ = {isa = PBXFileReference; lastKnownFileType = sourcecode.c.h; path = "SignatureGLView-Prefix.pch"; sourceTree = "<group>"; };
		41312FBD1731FD3D0007A6C7 /* SignatureGLView.h */ = {isa = PBXFileReference; lastKnownFileType = sourcecode.c.h; path = SignatureGLView.h; sourceTree = "<group>"; };
		41312FBF1731FD3D0007A6C7 /* SignatureGLView.m */ = {isa = PBXFileReference; lastKnownFileType = sourcecode.c.objc; path = SignatureGLView.m; sourceTree = "<group>"; };
		41312FC41731FD660007A6C7 /* NICSignatureView.h */ = {isa = PBXFileReference; fileEncoding = 4; lastKnownFileType = sourcecode.c.h; path = NICSignatureView.h; sourceTree = "<group>"; };
		41312FC51731FD660007A6C7 /* NICSignatureView.m */ = {isa = PBXFileReference; fileEncoding = 4; lastKnownFileType = sourcecode.c.objc; path = NICSignatureView.m; sourceTree = "<group>"; };
		413EFE84172CCD39001A0BE3 /* FormGroup.h */ = {isa = PBXFileReference; fileEncoding = 4; lastKnownFileType = sourcecode.c.h; path = FormGroup.h; sourceTree = "<group>"; };
		413EFE85172CCD39001A0BE3 /* FormGroup.m */ = {isa = PBXFileReference; fileEncoding = 4; lastKnownFileType = sourcecode.c.objc; path = FormGroup.m; sourceTree = "<group>"; };
		413EFE87172CD81A001A0BE3 /* ManifestCellHeader.xib */ = {isa = PBXFileReference; fileEncoding = 4; lastKnownFileType = file.xib; path = ManifestCellHeader.xib; sourceTree = "<group>"; };
		413EFE89172CD862001A0BE3 /* ManifestCellHeader.h */ = {isa = PBXFileReference; fileEncoding = 4; lastKnownFileType = sourcecode.c.h; path = ManifestCellHeader.h; sourceTree = "<group>"; };
		413EFE8A172CD862001A0BE3 /* ManifestCellHeader.m */ = {isa = PBXFileReference; fileEncoding = 4; lastKnownFileType = sourcecode.c.objc; path = ManifestCellHeader.m; sourceTree = "<group>"; };
		415C6A6317388BF300970358 /* ImageUtils.h */ = {isa = PBXFileReference; fileEncoding = 4; lastKnownFileType = sourcecode.c.h; path = ImageUtils.h; sourceTree = "<group>"; };
		415C6A6417388BF300970358 /* ImageUtils.m */ = {isa = PBXFileReference; fileEncoding = 4; lastKnownFileType = sourcecode.c.objc; path = ImageUtils.m; sourceTree = "<group>"; };
		415C6A671738911F00970358 /* AttachedPhotosViewController.h */ = {isa = PBXFileReference; fileEncoding = 4; lastKnownFileType = sourcecode.c.h; path = AttachedPhotosViewController.h; sourceTree = "<group>"; };
		415C6A681738911F00970358 /* AttachedPhotosViewController.m */ = {isa = PBXFileReference; fileEncoding = 4; lastKnownFileType = sourcecode.c.objc; path = AttachedPhotosViewController.m; sourceTree = "<group>"; };
		415C6A691738911F00970358 /* AttachedPhotosViewController.xib */ = {isa = PBXFileReference; fileEncoding = 4; lastKnownFileType = file.xib; path = AttachedPhotosViewController.xib; sourceTree = "<group>"; };
		415C6A701738ABD300970358 /* logo.gif */ = {isa = PBXFileReference; lastKnownFileType = image.gif; path = logo.gif; sourceTree = "<group>"; };
		4163014917488FB900FB4C44 /* form.png */ = {isa = PBXFileReference; lastKnownFileType = image.png; path = form.png; sourceTree = "<group>"; };
		4163014A17488FB900FB4C44 /* form@2x.png */ = {isa = PBXFileReference; lastKnownFileType = image.png; path = "form@2x.png"; sourceTree = "<group>"; };
		4163014D1748914200FB4C44 /* check-icon.png */ = {isa = PBXFileReference; lastKnownFileType = image.png; path = "check-icon.png"; sourceTree = "<group>"; };
		4163014E1748914200FB4C44 /* check-icon@2x.png */ = {isa = PBXFileReference; lastKnownFileType = image.png; path = "check-icon@2x.png"; sourceTree = "<group>"; };
		4163014F1748914200FB4C44 /* uncheck-icon.png */ = {isa = PBXFileReference; lastKnownFileType = image.png; path = "uncheck-icon.png"; sourceTree = "<group>"; };
		416301501748914200FB4C44 /* uncheck-icon@2x.png */ = {isa = PBXFileReference; lastKnownFileType = image.png; path = "uncheck-icon@2x.png"; sourceTree = "<group>"; };
		41630155174892F300FB4C44 /* box-checked.png */ = {isa = PBXFileReference; lastKnownFileType = image.png; path = "box-checked.png"; sourceTree = "<group>"; };
		41630156174892F300FB4C44 /* box-checked@2x.png */ = {isa = PBXFileReference; lastKnownFileType = image.png; path = "box-checked@2x.png"; sourceTree = "<group>"; };
		41630157174892F300FB4C44 /* box-unchecked.png */ = {isa = PBXFileReference; lastKnownFileType = image.png; path = "box-unchecked.png"; sourceTree = "<group>"; };
		41630158174892F300FB4C44 /* box-unchecked@2x.png */ = {isa = PBXFileReference; lastKnownFileType = image.png; path = "box-unchecked@2x.png"; sourceTree = "<group>"; };
		41DB66CB1726191500F7FFEB /* DatePickerViewController.h */ = {isa = PBXFileReference; fileEncoding = 4; lastKnownFileType = sourcecode.c.h; path = DatePickerViewController.h; sourceTree = "<group>"; };
		41DB66CC1726191500F7FFEB /* DatePickerViewController.m */ = {isa = PBXFileReference; fileEncoding = 4; lastKnownFileType = sourcecode.c.objc; path = DatePickerViewController.m; sourceTree = "<group>"; };
		41DB66CD1726191500F7FFEB /* DatePickerViewController.xib */ = {isa = PBXFileReference; fileEncoding = 4; lastKnownFileType = file.xib; path = DatePickerViewController.xib; sourceTree = "<group>"; };
		41DCBD01172F523200C0C2DB /* SignatureView.xib */ = {isa = PBXFileReference; fileEncoding = 4; lastKnownFileType = file.xib; path = SignatureView.xib; sourceTree = "<group>"; };
		41DCBD03172F528D00C0C2DB /* SignatureView.h */ = {isa = PBXFileReference; fileEncoding = 4; lastKnownFileType = sourcecode.c.h; path = SignatureView.h; sourceTree = "<group>"; };
		41DCBD04172F528D00C0C2DB /* SignatureView.m */ = {isa = PBXFileReference; fileEncoding = 4; lastKnownFileType = sourcecode.c.objc; path = SignatureView.m; sourceTree = "<group>"; };
		41DFAD7C172B84E0001C8E58 /* FormRepository.h */ = {isa = PBXFileReference; fileEncoding = 4; lastKnownFileType = sourcecode.c.h; path = FormRepository.h; sourceTree = "<group>"; };
		41DFAD7D172B84E0001C8E58 /* FormRepository.m */ = {isa = PBXFileReference; fileEncoding = 4; lastKnownFileType = sourcecode.c.objc; path = FormRepository.m; sourceTree = "<group>"; };
		41DFAD85172B8999001C8E58 /* example.csv */ = {isa = PBXFileReference; fileEncoding = 4; lastKnownFileType = text; path = example.csv; sourceTree = "<group>"; };
		41DFAD8A172B9B28001C8E58 /* CHCSVParser.h */ = {isa = PBXFileReference; lastKnownFileType = sourcecode.c.h; path = CHCSVParser.h; sourceTree = "<group>"; };
		41DFAD8B172B9B28001C8E58 /* CHCSVParser.m */ = {isa = PBXFileReference; lastKnownFileType = sourcecode.c.objc; path = CHCSVParser.m; sourceTree = "<group>"; };
		41E014001728AD3700058041 /* BaseViewController.h */ = {isa = PBXFileReference; fileEncoding = 4; lastKnownFileType = sourcecode.c.h; path = BaseViewController.h; sourceTree = "<group>"; };
		41E014011728AD3700058041 /* BaseViewController.m */ = {isa = PBXFileReference; fileEncoding = 4; lastKnownFileType = sourcecode.c.objc; path = BaseViewController.m; sourceTree = "<group>"; };
		41E3B33817238A3300CF7E30 /* buttonBackground.png */ = {isa = PBXFileReference; lastKnownFileType = image.png; path = buttonBackground.png; sourceTree = "<group>"; };
		41E3B33917238A3300CF7E30 /* buttonBackground@2x.png */ = {isa = PBXFileReference; lastKnownFileType = image.png; path = "buttonBackground@2x.png"; sourceTree = "<group>"; };
		41E3B33A17238A3300CF7E30 /* buttonBackgroundPressed.png */ = {isa = PBXFileReference; lastKnownFileType = image.png; path = buttonBackgroundPressed.png; sourceTree = "<group>"; };
		41E3B33B17238A3300CF7E30 /* buttonBackgroundPressed@2x.png */ = {isa = PBXFileReference; lastKnownFileType = image.png; path = "buttonBackgroundPressed@2x.png"; sourceTree = "<group>"; };
		41E3B33C17238A3300CF7E30 /* loginBackground.png */ = {isa = PBXFileReference; lastKnownFileType = image.png; path = loginBackground.png; sourceTree = "<group>"; };
		41E3B33D17238A3300CF7E30 /* loginBackground@2x.png */ = {isa = PBXFileReference; lastKnownFileType = image.png; path = "loginBackground@2x.png"; sourceTree = "<group>"; };
		41E3B34517238BB600CF7E30 /* ManifestViewController.h */ = {isa = PBXFileReference; fileEncoding = 4; lastKnownFileType = sourcecode.c.h; path = ManifestViewController.h; sourceTree = "<group>"; };
		41E3B34617238BB600CF7E30 /* ManifestViewController.m */ = {isa = PBXFileReference; fileEncoding = 4; lastKnownFileType = sourcecode.c.objc; path = ManifestViewController.m; sourceTree = "<group>"; };
		41E3B34717238BB600CF7E30 /* ManifestViewController.xib */ = {isa = PBXFileReference; fileEncoding = 4; lastKnownFileType = file.xib; path = ManifestViewController.xib; sourceTree = "<group>"; };
		41E3B34A17238ECD00CF7E30 /* ManifestCell.h */ = {isa = PBXFileReference; fileEncoding = 4; lastKnownFileType = sourcecode.c.h; path = ManifestCell.h; sourceTree = "<group>"; };
		41E3B34B17238ECD00CF7E30 /* ManifestCell.m */ = {isa = PBXFileReference; fileEncoding = 4; lastKnownFileType = sourcecode.c.objc; path = ManifestCell.m; sourceTree = "<group>"; };
		41E3B34F17238EFA00CF7E30 /* ManifestCell.xib */ = {isa = PBXFileReference; fileEncoding = 4; lastKnownFileType = file.xib; path = ManifestCell.xib; sourceTree = "<group>"; };
		41E3B352172391C900CF7E30 /* FormViewController.h */ = {isa = PBXFileReference; fileEncoding = 4; lastKnownFileType = sourcecode.c.h; path = FormViewController.h; sourceTree = "<group>"; };
		41E3B353172391C900CF7E30 /* FormViewController.m */ = {isa = PBXFileReference; fileEncoding = 4; lastKnownFileType = sourcecode.c.objc; path = FormViewController.m; sourceTree = "<group>"; };
		41E3B354172391C900CF7E30 /* FormViewController.xib */ = {isa = PBXFileReference; fileEncoding = 4; lastKnownFileType = file.xib; path = FormViewController.xib; sourceTree = "<group>"; };
		41E3B35C1723A60800CF7E30 /* Item.h */ = {isa = PBXFileReference; fileEncoding = 4; lastKnownFileType = sourcecode.c.h; path = Item.h; sourceTree = "<group>"; };
		41E3B35D1723A60800CF7E30 /* Item.m */ = {isa = PBXFileReference; fileEncoding = 4; lastKnownFileType = sourcecode.c.objc; path = Item.m; sourceTree = "<group>"; };
		41E3B35F1723A73C00CF7E30 /* Form.h */ = {isa = PBXFileReference; fileEncoding = 4; lastKnownFileType = sourcecode.c.h; path = Form.h; sourceTree = "<group>"; };
		41E3B3601723A73C00CF7E30 /* Form.m */ = {isa = PBXFileReference; fileEncoding = 4; lastKnownFileType = sourcecode.c.objc; path = Form.m; sourceTree = "<group>"; };
		41E5907417234BB20067E971 /* Ukay.app */ = {isa = PBXFileReference; explicitFileType = wrapper.application; includeInIndex = 0; path = Ukay.app; sourceTree = BUILT_PRODUCTS_DIR; };
		41E5907717234BB20067E971 /* UIKit.framework */ = {isa = PBXFileReference; lastKnownFileType = wrapper.framework; name = UIKit.framework; path = System/Library/Frameworks/UIKit.framework; sourceTree = SDKROOT; };
		41E5907917234BB20067E971 /* Foundation.framework */ = {isa = PBXFileReference; lastKnownFileType = wrapper.framework; name = Foundation.framework; path = System/Library/Frameworks/Foundation.framework; sourceTree = SDKROOT; };
		41E5907B17234BB20067E971 /* CoreGraphics.framework */ = {isa = PBXFileReference; lastKnownFileType = wrapper.framework; name = CoreGraphics.framework; path = System/Library/Frameworks/CoreGraphics.framework; sourceTree = SDKROOT; };
		41E5907F17234BB20067E971 /* Ukay-Info.plist */ = {isa = PBXFileReference; lastKnownFileType = text.plist.xml; path = "Ukay-Info.plist"; sourceTree = "<group>"; };
		41E5908117234BB20067E971 /* en */ = {isa = PBXFileReference; lastKnownFileType = text.plist.strings; name = en; path = en.lproj/InfoPlist.strings; sourceTree = "<group>"; };
		41E5908317234BB20067E971 /* main.m */ = {isa = PBXFileReference; lastKnownFileType = sourcecode.c.objc; path = main.m; sourceTree = "<group>"; };
		41E5908517234BB20067E971 /* Ukay-Prefix.pch */ = {isa = PBXFileReference; lastKnownFileType = sourcecode.c.h; path = "Ukay-Prefix.pch"; sourceTree = "<group>"; };
		41E5908617234BB20067E971 /* AppDelegate.h */ = {isa = PBXFileReference; lastKnownFileType = sourcecode.c.h; path = AppDelegate.h; sourceTree = "<group>"; };
		41E5908717234BB20067E971 /* AppDelegate.m */ = {isa = PBXFileReference; lastKnownFileType = sourcecode.c.objc; path = AppDelegate.m; sourceTree = "<group>"; };
		41E5908917234BB20067E971 /* Default.png */ = {isa = PBXFileReference; lastKnownFileType = image.png; path = Default.png; sourceTree = "<group>"; };
		41E5908B17234BB20067E971 /* Default@2x.png */ = {isa = PBXFileReference; lastKnownFileType = image.png; path = "Default@2x.png"; sourceTree = "<group>"; };
		41E5908D17234BB20067E971 /* Default-568h@2x.png */ = {isa = PBXFileReference; lastKnownFileType = image.png; path = "Default-568h@2x.png"; sourceTree = "<group>"; };
		41E5908F17234BB20067E971 /* LoginViewController.h */ = {isa = PBXFileReference; lastKnownFileType = sourcecode.c.h; path = LoginViewController.h; sourceTree = "<group>"; };
		41E5909017234BB20067E971 /* LoginViewController.m */ = {isa = PBXFileReference; lastKnownFileType = sourcecode.c.objc; path = LoginViewController.m; sourceTree = "<group>"; };
		41E5909317234BB20067E971 /* en */ = {isa = PBXFileReference; lastKnownFileType = file.xib; name = en; path = en.lproj/LoginViewController.xib; sourceTree = "<group>"; };
		41E5FE0B172D953100E197EB /* PDFGenerator.h */ = {isa = PBXFileReference; fileEncoding = 4; lastKnownFileType = sourcecode.c.h; path = PDFGenerator.h; sourceTree = "<group>"; };
		41E5FE0C172D953100E197EB /* PDFGenerator.m */ = {isa = PBXFileReference; fileEncoding = 4; lastKnownFileType = sourcecode.c.objc; path = PDFGenerator.m; sourceTree = "<group>"; };
		41E5FE0E172D959200E197EB /* QuartzCore.framework */ = {isa = PBXFileReference; lastKnownFileType = wrapper.framework; name = QuartzCore.framework; path = System/Library/Frameworks/QuartzCore.framework; sourceTree = SDKROOT; };
		41ED6CE91739ECB7002F2F23 /* MessageUI.framework */ = {isa = PBXFileReference; lastKnownFileType = wrapper.framework; name = MessageUI.framework; path = System/Library/Frameworks/MessageUI.framework; sourceTree = SDKROOT; };
/* End PBXFileReference section */

/* Begin PBXFrameworksBuildPhase section */
		41312FB51731FD3D0007A6C7 /* Frameworks */ = {
			isa = PBXFrameworksBuildPhase;
			buildActionMask = 2147483647;
			files = (
				41312FB91731FD3D0007A6C7 /* Foundation.framework in Frameworks */,
			);
			runOnlyForDeploymentPostprocessing = 0;
		};
		41E5907117234BB20067E971 /* Frameworks */ = {
			isa = PBXFrameworksBuildPhase;
			buildActionMask = 2147483647;
			files = (
				41ED6CEA1739ECB7002F2F23 /* MessageUI.framework in Frameworks */,
				41312FC71731FD7F0007A6C7 /* libSignatureGLView.a in Frameworks */,
				41312FB31731FBAA0007A6C7 /* OpenGLES.framework in Frameworks */,
				41312FB11731FB8C0007A6C7 /* GLKit.framework in Frameworks */,
				41E5FE0F172D959200E197EB /* QuartzCore.framework in Frameworks */,
				41E5907817234BB20067E971 /* UIKit.framework in Frameworks */,
				41E5907A17234BB20067E971 /* Foundation.framework in Frameworks */,
				41E5907C17234BB20067E971 /* CoreGraphics.framework in Frameworks */,
			);
			runOnlyForDeploymentPostprocessing = 0;
		};
/* End PBXFrameworksBuildPhase section */

/* Begin PBXGroup section */
		41226C7D172380890034A050 /* ViewControllers */ = {
			isa = PBXGroup;
			children = (
				41E013FF1728AD2300058041 /* Base */,
				41226C7E1723809A0034A050 /* Login */,
				41E3B34417238B7E00CF7E30 /* Manifest */,
				41E3B3511723917800CF7E30 /* Form */,
				415C6A661738909E00970358 /* AttachedPhotos */,
			);
			name = ViewControllers;
			sourceTree = "<group>";
		};
		41226C7E1723809A0034A050 /* Login */ = {
			isa = PBXGroup;
			children = (
				41E5908F17234BB20067E971 /* LoginViewController.h */,
				41E5909017234BB20067E971 /* LoginViewController.m */,
				41E5909217234BB20067E971 /* LoginViewController.xib */,
			);
			name = Login;
			sourceTree = "<group>";
		};
		41226C7F172383FC0034A050 /* Resources */ = {
			isa = PBXGroup;
			children = (
				4163014917488FB900FB4C44 /* form.png */,
				4163014A17488FB900FB4C44 /* form@2x.png */,
				41630155174892F300FB4C44 /* box-checked.png */,
				41630156174892F300FB4C44 /* box-checked@2x.png */,
				41630157174892F300FB4C44 /* box-unchecked.png */,
				41630158174892F300FB4C44 /* box-unchecked@2x.png */,
				415C6A701738ABD300970358 /* logo.gif */,
				41DFAD85172B8999001C8E58 /* example.csv */,
				4163014D1748914200FB4C44 /* check-icon.png */,
				4163014E1748914200FB4C44 /* check-icon@2x.png */,
				4163014F1748914200FB4C44 /* uncheck-icon.png */,
				416301501748914200FB4C44 /* uncheck-icon@2x.png */,
				41E3B33817238A3300CF7E30 /* buttonBackground.png */,
				41E3B33917238A3300CF7E30 /* buttonBackground@2x.png */,
				41E3B33A17238A3300CF7E30 /* buttonBackgroundPressed.png */,
				41E3B33B17238A3300CF7E30 /* buttonBackgroundPressed@2x.png */,
				41E3B33C17238A3300CF7E30 /* loginBackground.png */,
				41E3B33D17238A3300CF7E30 /* loginBackground@2x.png */,
			);
			name = Resources;
			sourceTree = "<group>";
		};
		41312FBA1731FD3D0007A6C7 /* SignatureGLView */ = {
			isa = PBXGroup;
			children = (
				41312FBD1731FD3D0007A6C7 /* SignatureGLView.h */,
				41312FBF1731FD3D0007A6C7 /* SignatureGLView.m */,
				41312FBB1731FD3D0007A6C7 /* Supporting Files */,
			);
			path = SignatureGLView;
			sourceTree = "<group>";
		};
		41312FBB1731FD3D0007A6C7 /* Supporting Files */ = {
			isa = PBXGroup;
			children = (
				41312FBC1731FD3D0007A6C7 /* SignatureGLView-Prefix.pch */,
			);
			name = "Supporting Files";
			sourceTree = "<group>";
		};
		415C6A661738909E00970358 /* AttachedPhotos */ = {
			isa = PBXGroup;
			children = (
				415C6A671738911F00970358 /* AttachedPhotosViewController.h */,
				415C6A681738911F00970358 /* AttachedPhotosViewController.m */,
				415C6A691738911F00970358 /* AttachedPhotosViewController.xib */,
			);
			name = AttachedPhotos;
			sourceTree = "<group>";
		};
		41DFAD7B172B84CB001C8E58 /* Repository */ = {
			isa = PBXGroup;
			children = (
				41DFAD7C172B84E0001C8E58 /* FormRepository.h */,
				41DFAD7D172B84E0001C8E58 /* FormRepository.m */,
			);
			name = Repository;
			sourceTree = "<group>";
		};
		41DFAD7F172B8762001C8E58 /* Utils */ = {
			isa = PBXGroup;
			children = (
				41312FC41731FD660007A6C7 /* NICSignatureView.h */,
				41312FC51731FD660007A6C7 /* NICSignatureView.m */,
				41DFAD8A172B9B28001C8E58 /* CHCSVParser.h */,
				41DFAD8B172B9B28001C8E58 /* CHCSVParser.m */,
				41E5FE0B172D953100E197EB /* PDFGenerator.h */,
				41E5FE0C172D953100E197EB /* PDFGenerator.m */,
				415C6A6317388BF300970358 /* ImageUtils.h */,
				415C6A6417388BF300970358 /* ImageUtils.m */,
			);
			name = Utils;
			sourceTree = "<group>";
		};
		41E013FF1728AD2300058041 /* Base */ = {
			isa = PBXGroup;
			children = (
				41E014001728AD3700058041 /* BaseViewController.h */,
				41E014011728AD3700058041 /* BaseViewController.m */,
			);
			name = Base;
			sourceTree = "<group>";
		};
		41E3B34417238B7E00CF7E30 /* Manifest */ = {
			isa = PBXGroup;
			children = (
				41E3B34517238BB600CF7E30 /* ManifestViewController.h */,
				41E3B34617238BB600CF7E30 /* ManifestViewController.m */,
				41E3B34717238BB600CF7E30 /* ManifestViewController.xib */,
				41E3B34A17238ECD00CF7E30 /* ManifestCell.h */,
				41E3B34B17238ECD00CF7E30 /* ManifestCell.m */,
				41E3B34F17238EFA00CF7E30 /* ManifestCell.xib */,
				413EFE89172CD862001A0BE3 /* ManifestCellHeader.h */,
				413EFE8A172CD862001A0BE3 /* ManifestCellHeader.m */,
				413EFE87172CD81A001A0BE3 /* ManifestCellHeader.xib */,
			);
			name = Manifest;
			sourceTree = "<group>";
		};
		41E3B3511723917800CF7E30 /* Form */ = {
			isa = PBXGroup;
			children = (
				41E3B352172391C900CF7E30 /* FormViewController.h */,
				41E3B353172391C900CF7E30 /* FormViewController.m */,
				41E3B354172391C900CF7E30 /* FormViewController.xib */,
				41DB66CB1726191500F7FFEB /* DatePickerViewController.h */,
				41DB66CC1726191500F7FFEB /* DatePickerViewController.m */,
				41DB66CD1726191500F7FFEB /* DatePickerViewController.xib */,
				41DCBD03172F528D00C0C2DB /* SignatureView.h */,
				41DCBD04172F528D00C0C2DB /* SignatureView.m */,
				41DCBD01172F523200C0C2DB /* SignatureView.xib */,
			);
			name = Form;
			sourceTree = "<group>";
		};
		41E3B35B1723A5DF00CF7E30 /* Models */ = {
			isa = PBXGroup;
			children = (
				41E3B35C1723A60800CF7E30 /* Item.h */,
				41E3B35D1723A60800CF7E30 /* Item.m */,
				41E3B35F1723A73C00CF7E30 /* Form.h */,
				41E3B3601723A73C00CF7E30 /* Form.m */,
				413EFE84172CCD39001A0BE3 /* FormGroup.h */,
				413EFE85172CCD39001A0BE3 /* FormGroup.m */,
			);
			name = Models;
			sourceTree = "<group>";
		};
		41E5906B17234BB20067E971 = {
			isa = PBXGroup;
			children = (
				41E5907D17234BB20067E971 /* Ukay */,
				41312FBA1731FD3D0007A6C7 /* SignatureGLView */,
				41E5907617234BB20067E971 /* Frameworks */,
				41E5907517234BB20067E971 /* Products */,
			);
			sourceTree = "<group>";
		};
		41E5907517234BB20067E971 /* Products */ = {
			isa = PBXGroup;
			children = (
				41E5907417234BB20067E971 /* Ukay.app */,
				41312FB81731FD3D0007A6C7 /* libSignatureGLView.a */,
			);
			name = Products;
			sourceTree = "<group>";
		};
		41E5907617234BB20067E971 /* Frameworks */ = {
			isa = PBXGroup;
			children = (
				41ED6CE91739ECB7002F2F23 /* MessageUI.framework */,
				41312FB21731FBAA0007A6C7 /* OpenGLES.framework */,
				41312FB01731FB8C0007A6C7 /* GLKit.framework */,
				41E5FE0E172D959200E197EB /* QuartzCore.framework */,
				41E5907717234BB20067E971 /* UIKit.framework */,
				41E5907917234BB20067E971 /* Foundation.framework */,
				41E5907B17234BB20067E971 /* CoreGraphics.framework */,
			);
			name = Frameworks;
			sourceTree = "<group>";
		};
		41E5907D17234BB20067E971 /* Ukay */ = {
			isa = PBXGroup;
			children = (
				41E5908617234BB20067E971 /* AppDelegate.h */,
				41E5908717234BB20067E971 /* AppDelegate.m */,
				41DFAD7F172B8762001C8E58 /* Utils */,
				41DFAD7B172B84CB001C8E58 /* Repository */,
				41E3B35B1723A5DF00CF7E30 /* Models */,
				41226C7D172380890034A050 /* ViewControllers */,
				41226C7F172383FC0034A050 /* Resources */,
				41E5907E17234BB20067E971 /* Supporting Files */,
			);
			path = Ukay;
			sourceTree = "<group>";
		};
		41E5907E17234BB20067E971 /* Supporting Files */ = {
			isa = PBXGroup;
			children = (
				41E5907F17234BB20067E971 /* Ukay-Info.plist */,
				41E5908017234BB20067E971 /* InfoPlist.strings */,
				41E5908317234BB20067E971 /* main.m */,
				41E5908517234BB20067E971 /* Ukay-Prefix.pch */,
				41E5908917234BB20067E971 /* Default.png */,
				41E5908B17234BB20067E971 /* Default@2x.png */,
				41E5908D17234BB20067E971 /* Default-568h@2x.png */,
			);
			name = "Supporting Files";
			sourceTree = "<group>";
		};
/* End PBXGroup section */

/* Begin PBXNativeTarget section */
		41312FB71731FD3D0007A6C7 /* SignatureGLView */ = {
			isa = PBXNativeTarget;
			buildConfigurationList = 41312FC11731FD3D0007A6C7 /* Build configuration list for PBXNativeTarget "SignatureGLView" */;
			buildPhases = (
				41312FB41731FD3D0007A6C7 /* Sources */,
				41312FB51731FD3D0007A6C7 /* Frameworks */,
				41312FB61731FD3D0007A6C7 /* CopyFiles */,
			);
			buildRules = (
			);
			dependencies = (
			);
			name = SignatureGLView;
			productName = SignatureGLView;
			productReference = 41312FB81731FD3D0007A6C7 /* libSignatureGLView.a */;
			productType = "com.apple.product-type.library.static";
		};
		41E5907317234BB20067E971 /* Ukay */ = {
			isa = PBXNativeTarget;
			buildConfigurationList = 41E5909717234BB20067E971 /* Build configuration list for PBXNativeTarget "Ukay" */;
			buildPhases = (
				41E5907017234BB20067E971 /* Sources */,
				41E5907117234BB20067E971 /* Frameworks */,
				41E5907217234BB20067E971 /* Resources */,
			);
			buildRules = (
			);
			dependencies = (
			);
			name = Ukay;
			productName = Ukay;
			productReference = 41E5907417234BB20067E971 /* Ukay.app */;
			productType = "com.apple.product-type.application";
		};
/* End PBXNativeTarget section */

/* Begin PBXProject section */
		41E5906C17234BB20067E971 /* Project object */ = {
			isa = PBXProject;
			attributes = {
				LastUpgradeCheck = 0460;
				ORGANIZATIONNAME = "David Mazzitelli";
			};
			buildConfigurationList = 41E5906F17234BB20067E971 /* Build configuration list for PBXProject "Ukay" */;
			compatibilityVersion = "Xcode 3.2";
			developmentRegion = English;
			hasScannedForEncodings = 0;
			knownRegions = (
				en,
			);
			mainGroup = 41E5906B17234BB20067E971;
			productRefGroup = 41E5907517234BB20067E971 /* Products */;
			projectDirPath = "";
			projectRoot = "";
			targets = (
				41E5907317234BB20067E971 /* Ukay */,
				41312FB71731FD3D0007A6C7 /* SignatureGLView */,
			);
		};
/* End PBXProject section */

/* Begin PBXResourcesBuildPhase section */
		41E5907217234BB20067E971 /* Resources */ = {
			isa = PBXResourcesBuildPhase;
			buildActionMask = 2147483647;
			files = (
				41E5908217234BB20067E971 /* InfoPlist.strings in Resources */,
				41E5908A17234BB20067E971 /* Default.png in Resources */,
				41E5908C17234BB20067E971 /* Default@2x.png in Resources */,
				41E5908E17234BB20067E971 /* Default-568h@2x.png in Resources */,
				41E5909417234BB20067E971 /* LoginViewController.xib in Resources */,
				41E3B33E17238A3300CF7E30 /* buttonBackground.png in Resources */,
				41E3B33F17238A3300CF7E30 /* buttonBackground@2x.png in Resources */,
				41E3B34017238A3300CF7E30 /* buttonBackgroundPressed.png in Resources */,
				41E3B34117238A3300CF7E30 /* buttonBackgroundPressed@2x.png in Resources */,
				41E3B34217238A3300CF7E30 /* loginBackground.png in Resources */,
				41E3B34317238A3300CF7E30 /* loginBackground@2x.png in Resources */,
				41E3B34917238BB600CF7E30 /* ManifestViewController.xib in Resources */,
				41E3B35017238EFA00CF7E30 /* ManifestCell.xib in Resources */,
				41E3B356172391C900CF7E30 /* FormViewController.xib in Resources */,
				41DB66CF1726191500F7FFEB /* DatePickerViewController.xib in Resources */,
				41DFAD86172B8999001C8E58 /* example.csv in Resources */,
				413EFE88172CD81A001A0BE3 /* ManifestCellHeader.xib in Resources */,
				41DCBD02172F523200C0C2DB /* SignatureView.xib in Resources */,
				415C6A6B1738911F00970358 /* AttachedPhotosViewController.xib in Resources */,
				415C6A711738ABD300970358 /* logo.gif in Resources */,
				4163014B17488FB900FB4C44 /* form.png in Resources */,
				4163014C17488FB900FB4C44 /* form@2x.png in Resources */,
				416301511748914200FB4C44 /* check-icon.png in Resources */,
				416301521748914200FB4C44 /* check-icon@2x.png in Resources */,
				416301531748914200FB4C44 /* uncheck-icon.png in Resources */,
				416301541748914200FB4C44 /* uncheck-icon@2x.png in Resources */,
				41630159174892F300FB4C44 /* box-checked.png in Resources */,
				4163015A174892F300FB4C44 /* box-checked@2x.png in Resources */,
				4163015B174892F300FB4C44 /* box-unchecked.png in Resources */,
				4163015C174892F300FB4C44 /* box-unchecked@2x.png in Resources */,
			);
			runOnlyForDeploymentPostprocessing = 0;
		};
/* End PBXResourcesBuildPhase section */

/* Begin PBXSourcesBuildPhase section */
		41312FB41731FD3D0007A6C7 /* Sources */ = {
			isa = PBXSourcesBuildPhase;
			buildActionMask = 2147483647;
			files = (
				41312FC01731FD3D0007A6C7 /* SignatureGLView.m in Sources */,
				41312FC61731FD660007A6C7 /* NICSignatureView.m in Sources */,
			);
			runOnlyForDeploymentPostprocessing = 0;
		};
		41E5907017234BB20067E971 /* Sources */ = {
			isa = PBXSourcesBuildPhase;
			buildActionMask = 2147483647;
			files = (
				41DFAD8C172B9B85001C8E58 /* CHCSVParser.m in Sources */,
				41E5908417234BB20067E971 /* main.m in Sources */,
				41E5908817234BB20067E971 /* AppDelegate.m in Sources */,
				41E5909117234BB20067E971 /* LoginViewController.m in Sources */,
				41E3B34817238BB600CF7E30 /* ManifestViewController.m in Sources */,
				41E3B34C17238ECD00CF7E30 /* ManifestCell.m in Sources */,
				41E3B355172391C900CF7E30 /* FormViewController.m in Sources */,
				41E3B35E1723A60800CF7E30 /* Item.m in Sources */,
				41E3B3611723A73C00CF7E30 /* Form.m in Sources */,
				41DB66CE1726191500F7FFEB /* DatePickerViewController.m in Sources */,
				41E014021728AD3700058041 /* BaseViewController.m in Sources */,
				41DFAD7E172B84E0001C8E58 /* FormRepository.m in Sources */,
				413EFE86172CCD39001A0BE3 /* FormGroup.m in Sources */,
				413EFE8B172CD862001A0BE3 /* ManifestCellHeader.m in Sources */,
				41E5FE0D172D953100E197EB /* PDFGenerator.m in Sources */,
				41DCBD05172F528D00C0C2DB /* SignatureView.m in Sources */,
				415C6A6517388BF300970358 /* ImageUtils.m in Sources */,
				415C6A6A1738911F00970358 /* AttachedPhotosViewController.m in Sources */,
			);
			runOnlyForDeploymentPostprocessing = 0;
		};
/* End PBXSourcesBuildPhase section */

/* Begin PBXVariantGroup section */
		41E5908017234BB20067E971 /* InfoPlist.strings */ = {
			isa = PBXVariantGroup;
			children = (
				41E5908117234BB20067E971 /* en */,
			);
			name = InfoPlist.strings;
			sourceTree = "<group>";
		};
		41E5909217234BB20067E971 /* LoginViewController.xib */ = {
			isa = PBXVariantGroup;
			children = (
				41E5909317234BB20067E971 /* en */,
			);
			name = LoginViewController.xib;
			sourceTree = "<group>";
		};
/* End PBXVariantGroup section */

/* Begin XCBuildConfiguration section */
		41312FC21731FD3D0007A6C7 /* Debug */ = {
			isa = XCBuildConfiguration;
			buildSettings = {
				CLANG_ENABLE_OBJC_ARC = YES;
				DSTROOT = /tmp/SignatureGLView.dst;
				GCC_PRECOMPILE_PREFIX_HEADER = YES;
				GCC_PREFIX_HEADER = "SignatureGLView/SignatureGLView-Prefix.pch";
				OTHER_LDFLAGS = "-ObjC";
				PRODUCT_NAME = "$(TARGET_NAME)";
				SKIP_INSTALL = YES;
			};
			name = Debug;
		};
		41312FC31731FD3D0007A6C7 /* Release */ = {
			isa = XCBuildConfiguration;
			buildSettings = {
				CLANG_ENABLE_OBJC_ARC = YES;
				DSTROOT = /tmp/SignatureGLView.dst;
				GCC_PRECOMPILE_PREFIX_HEADER = YES;
				GCC_PREFIX_HEADER = "SignatureGLView/SignatureGLView-Prefix.pch";
				OTHER_LDFLAGS = "-ObjC";
				PRODUCT_NAME = "$(TARGET_NAME)";
				SKIP_INSTALL = YES;
			};
			name = Release;
		};
		41E5909517234BB20067E971 /* Debug */ = {
			isa = XCBuildConfiguration;
			buildSettings = {
				ALWAYS_SEARCH_USER_PATHS = NO;
				CLANG_CXX_LANGUAGE_STANDARD = "gnu++0x";
				CLANG_CXX_LIBRARY = "libc++";
				CLANG_WARN_CONSTANT_CONVERSION = YES;
				CLANG_WARN_EMPTY_BODY = YES;
				CLANG_WARN_ENUM_CONVERSION = YES;
				CLANG_WARN_INT_CONVERSION = YES;
				CLANG_WARN__DUPLICATE_METHOD_MATCH = YES;
				"CODE_SIGN_IDENTITY[sdk=iphoneos*]" = "iPhone Developer";
				COPY_PHASE_STRIP = NO;
				GCC_C_LANGUAGE_STANDARD = gnu99;
				GCC_DYNAMIC_NO_PIC = NO;
				GCC_OPTIMIZATION_LEVEL = 0;
				GCC_PREPROCESSOR_DEFINITIONS = (
					"DEBUG=1",
					"$(inherited)",
				);
				GCC_SYMBOLS_PRIVATE_EXTERN = NO;
				GCC_WARN_ABOUT_RETURN_TYPE = YES;
				GCC_WARN_UNINITIALIZED_AUTOS = YES;
				GCC_WARN_UNUSED_VARIABLE = YES;
				IPHONEOS_DEPLOYMENT_TARGET = 5.0;
				ONLY_ACTIVE_ARCH = YES;
				SDKROOT = iphoneos;
				TARGETED_DEVICE_FAMILY = 2;
			};
			name = Debug;
		};
		41E5909617234BB20067E971 /* Release */ = {
			isa = XCBuildConfiguration;
			buildSettings = {
				ALWAYS_SEARCH_USER_PATHS = NO;
				CLANG_CXX_LANGUAGE_STANDARD = "gnu++0x";
				CLANG_CXX_LIBRARY = "libc++";
				CLANG_WARN_CONSTANT_CONVERSION = YES;
				CLANG_WARN_EMPTY_BODY = YES;
				CLANG_WARN_ENUM_CONVERSION = YES;
				CLANG_WARN_INT_CONVERSION = YES;
				CLANG_WARN__DUPLICATE_METHOD_MATCH = YES;
				"CODE_SIGN_IDENTITY[sdk=iphoneos*]" = "iPhone Developer";
				COPY_PHASE_STRIP = YES;
				GCC_C_LANGUAGE_STANDARD = gnu99;
				GCC_WARN_ABOUT_RETURN_TYPE = YES;
				GCC_WARN_UNINITIALIZED_AUTOS = YES;
				GCC_WARN_UNUSED_VARIABLE = YES;
				IPHONEOS_DEPLOYMENT_TARGET = 5.0;
				OTHER_CFLAGS = "-DNS_BLOCK_ASSERTIONS=1";
				SDKROOT = iphoneos;
				TARGETED_DEVICE_FAMILY = 2;
				VALIDATE_PRODUCT = YES;
			};
			name = Release;
		};
		41E5909817234BB20067E971 /* Debug */ = {
			isa = XCBuildConfiguration;
			buildSettings = {
				GCC_PRECOMPILE_PREFIX_HEADER = YES;
				GCC_PREFIX_HEADER = "Ukay/Ukay-Prefix.pch";
				INFOPLIST_FILE = "Ukay/Ukay-Info.plist";
				IPHONEOS_DEPLOYMENT_TARGET = 5.0;
				PRODUCT_NAME = "$(TARGET_NAME)";
				WRAPPER_EXTENSION = app;
			};
			name = Debug;
		};
		41E5909917234BB20067E971 /* Release */ = {
			isa = XCBuildConfiguration;
			buildSettings = {
				GCC_PRECOMPILE_PREFIX_HEADER = YES;
				GCC_PREFIX_HEADER = "Ukay/Ukay-Prefix.pch";
				INFOPLIST_FILE = "Ukay/Ukay-Info.plist";
				IPHONEOS_DEPLOYMENT_TARGET = 5.0;
				PRODUCT_NAME = "$(TARGET_NAME)";
				WRAPPER_EXTENSION = app;
			};
			name = Release;
		};
/* End XCBuildConfiguration section */

/* Begin XCConfigurationList section */
		41312FC11731FD3D0007A6C7 /* Build configuration list for PBXNativeTarget "SignatureGLView" */ = {
			isa = XCConfigurationList;
			buildConfigurations = (
				41312FC21731FD3D0007A6C7 /* Debug */,
				41312FC31731FD3D0007A6C7 /* Release */,
			);
			defaultConfigurationIsVisible = 0;
			defaultConfigurationName = Release;
		};
		41E5906F17234BB20067E971 /* Build configuration list for PBXProject "Ukay" */ = {
			isa = XCConfigurationList;
			buildConfigurations = (
				41E5909517234BB20067E971 /* Debug */,
				41E5909617234BB20067E971 /* Release */,
			);
			defaultConfigurationIsVisible = 0;
			defaultConfigurationName = Release;
		};
		41E5909717234BB20067E971 /* Build configuration list for PBXNativeTarget "Ukay" */ = {
			isa = XCConfigurationList;
			buildConfigurations = (
				41E5909817234BB20067E971 /* Debug */,
				41E5909917234BB20067E971 /* Release */,
			);
			defaultConfigurationIsVisible = 0;
			defaultConfigurationName = Release;
		};
/* End XCConfigurationList section */
	};
	rootObject = 41E5906C17234BB20067E971 /* Project object */;
}
