// !$*UTF8*$!
{
	archiveVersion = 1;
	classes = {
	};
	objectVersion = 46;
	objects = {

/* Begin PBXBuildFile section */
		41E3B33E17238A3300CF7E30 /* buttonBackground.png in Resources */ = {isa = PBXBuildFile; fileRef = 41E3B33817238A3300CF7E30 /* buttonBackground.png */; };
		41E3B33F17238A3300CF7E30 /* buttonBackground@2x.png in Resources */ = {isa = PBXBuildFile; fileRef = 41E3B33917238A3300CF7E30 /* buttonBackground@2x.png */; };
		41E3B34017238A3300CF7E30 /* buttonBackgroundPressed.png in Resources */ = {isa = PBXBuildFile; fileRef = 41E3B33A17238A3300CF7E30 /* buttonBackgroundPressed.png */; };
		41E3B34117238A3300CF7E30 /* buttonBackgroundPressed@2x.png in Resources */ = {isa = PBXBuildFile; fileRef = 41E3B33B17238A3300CF7E30 /* buttonBackgroundPressed@2x.png */; };
		41E3B34217238A3300CF7E30 /* loginBackground.png in Resources */ = {isa = PBXBuildFile; fileRef = 41E3B33C17238A3300CF7E30 /* loginBackground.png */; };
		41E3B34317238A3300CF7E30 /* loginBackground@2x.png in Resources */ = {isa = PBXBuildFile; fileRef = 41E3B33D17238A3300CF7E30 /* loginBackground@2x.png */; };
		41E3B34817238BB600CF7E30 /* ManifestViewController.m in Sources */ = {isa = PBXBuildFile; fileRef = 41E3B34617238BB600CF7E30 /* ManifestViewController.m */; };
		41E3B34917238BB600CF7E30 /* ManifestViewController.xib in Resources */ = {isa = PBXBuildFile; fileRef = 41E3B34717238BB600CF7E30 /* ManifestViewController.xib */; };
		41E3B34C17238ECD00CF7E30 /* ManifestCell.m in Sources */ = {isa = PBXBuildFile; fileRef = 41E3B34B17238ECD00CF7E30 /* ManifestCell.m */; };
		41E3B35017238EFA00CF7E30 /* ManifestCell.xib in Resources */ = {isa = PBXBuildFile; fileRef = 41E3B34F17238EFA00CF7E30 /* ManifestCell.xib */; };
		41E3B355172391C900CF7E30 /* FormViewController.m in Sources */ = {isa = PBXBuildFile; fileRef = 41E3B353172391C900CF7E30 /* FormViewController.m */; };
		41E3B356172391C900CF7E30 /* FormViewController.xib in Resources */ = {isa = PBXBuildFile; fileRef = 41E3B354172391C900CF7E30 /* FormViewController.xib */; };
		41E3B3591723A31400CF7E30 /* form.png in Resources */ = {isa = PBXBuildFile; fileRef = 41E3B3571723A31400CF7E30 /* form.png */; };
		41E3B35A1723A31400CF7E30 /* form@2x.png in Resources */ = {isa = PBXBuildFile; fileRef = 41E3B3581723A31400CF7E30 /* form@2x.png */; };
		41E3B35E1723A60800CF7E30 /* Item.m in Sources */ = {isa = PBXBuildFile; fileRef = 41E3B35D1723A60800CF7E30 /* Item.m */; };
		41E3B3611723A73C00CF7E30 /* Form.m in Sources */ = {isa = PBXBuildFile; fileRef = 41E3B3601723A73C00CF7E30 /* Form.m */; };
		41E5907817234BB20067E971 /* UIKit.framework in Frameworks */ = {isa = PBXBuildFile; fileRef = 41E5907717234BB20067E971 /* UIKit.framework */; };
		41E5907A17234BB20067E971 /* Foundation.framework in Frameworks */ = {isa = PBXBuildFile; fileRef = 41E5907917234BB20067E971 /* Foundation.framework */; };
		41E5907C17234BB20067E971 /* CoreGraphics.framework in Frameworks */ = {isa = PBXBuildFile; fileRef = 41E5907B17234BB20067E971 /* CoreGraphics.framework */; };
		41E5908217234BB20067E971 /* InfoPlist.strings in Resources */ = {isa = PBXBuildFile; fileRef = 41E5908017234BB20067E971 /* InfoPlist.strings */; };
		41E5908417234BB20067E971 /* main.m in Sources */ = {isa = PBXBuildFile; fileRef = 41E5908317234BB20067E971 /* main.m */; };
		41E5908817234BB20067E971 /* AppDelegate.m in Sources */ = {isa = PBXBuildFile; fileRef = 41E5908717234BB20067E971 /* AppDelegate.m */; };
		41E5908A17234BB20067E971 /* Default.png in Resources */ = {isa = PBXBuildFile; fileRef = 41E5908917234BB20067E971 /* Default.png */; };
		41E5908C17234BB20067E971 /* Default@2x.png in Resources */ = {isa = PBXBuildFile; fileRef = 41E5908B17234BB20067E971 /* Default@2x.png */; };
		41E5908E17234BB20067E971 /* Default-568h@2x.png in Resources */ = {isa = PBXBuildFile; fileRef = 41E5908D17234BB20067E971 /* Default-568h@2x.png */; };
		41E5909117234BB20067E971 /* LoginViewController.m in Sources */ = {isa = PBXBuildFile; fileRef = 41E5909017234BB20067E971 /* LoginViewController.m */; };
		41E5909417234BB20067E971 /* LoginViewController.xib in Resources */ = {isa = PBXBuildFile; fileRef = 41E5909217234BB20067E971 /* LoginViewController.xib */; };
/* End PBXBuildFile section */

/* Begin PBXFileReference section */
		41E3B33817238A3300CF7E30 /* buttonBackground.png */ = {isa = PBXFileReference; lastKnownFileType = image.png; path = buttonBackground.png; sourceTree = "<group>"; };
		41E3B33917238A3300CF7E30 /* buttonBackground@2x.png */ = {isa = PBXFileReference; lastKnownFileType = image.png; path = "buttonBackground@2x.png"; sourceTree = "<group>"; };
		41E3B33A17238A3300CF7E30 /* buttonBackgroundPressed.png */ = {isa = PBXFileReference; lastKnownFileType = image.png; path = buttonBackgroundPressed.png; sourceTree = "<group>"; };
		41E3B33B17238A3300CF7E30 /* buttonBackgroundPressed@2x.png */ = {isa = PBXFileReference; lastKnownFileType = image.png; path = "buttonBackgroundPressed@2x.png"; sourceTree = "<group>"; };
		41E3B33C17238A3300CF7E30 /* loginBackground.png */ = {isa = PBXFileReference; lastKnownFileType = image.png; path = loginBackground.png; sourceTree = "<group>"; };
		41E3B33D17238A3300CF7E30 /* loginBackground@2x.png */ = {isa = PBXFileReference; lastKnownFileType = image.png; path = "loginBackground@2x.png"; sourceTree = "<group>"; };
		41E3B34517238BB600CF7E30 /* ManifestViewController.h */ = {isa = PBXFileReference; fileEncoding = 4; lastKnownFileType = sourcecode.c.h; path = ManifestViewController.h; sourceTree = "<group>"; };
		41E3B34617238BB600CF7E30 /* ManifestViewController.m */ = {isa = PBXFileReference; fileEncoding = 4; lastKnownFileType = sourcecode.c.objc; path = ManifestViewController.m; sourceTree = "<group>"; };
		41E3B34717238BB600CF7E30 /* ManifestViewController.xib */ = {isa = PBXFileReference; fileEncoding = 4; lastKnownFileType = file.xib; path = ManifestViewController.xib; sourceTree = "<group>"; };
		41E3B34A17238ECD00CF7E30 /* ManifestCell.h */ = {isa = PBXFileReference; fileEncoding = 4; lastKnownFileType = sourcecode.c.h; path = ManifestCell.h; sourceTree = "<group>"; };
		41E3B34B17238ECD00CF7E30 /* ManifestCell.m */ = {isa = PBXFileReference; fileEncoding = 4; lastKnownFileType = sourcecode.c.objc; path = ManifestCell.m; sourceTree = "<group>"; };
		41E3B34F17238EFA00CF7E30 /* ManifestCell.xib */ = {isa = PBXFileReference; fileEncoding = 4; lastKnownFileType = file.xib; path = ManifestCell.xib; sourceTree = "<group>"; };
		41E3B352172391C900CF7E30 /* FormViewController.h */ = {isa = PBXFileReference; fileEncoding = 4; lastKnownFileType = sourcecode.c.h; path = FormViewController.h; sourceTree = "<group>"; };
		41E3B353172391C900CF7E30 /* FormViewController.m */ = {isa = PBXFileReference; fileEncoding = 4; lastKnownFileType = sourcecode.c.objc; path = FormViewController.m; sourceTree = "<group>"; };
		41E3B354172391C900CF7E30 /* FormViewController.xib */ = {isa = PBXFileReference; fileEncoding = 4; lastKnownFileType = file.xib; path = FormViewController.xib; sourceTree = "<group>"; };
		41E3B3571723A31400CF7E30 /* form.png */ = {isa = PBXFileReference; lastKnownFileType = image.png; path = form.png; sourceTree = "<group>"; };
		41E3B3581723A31400CF7E30 /* form@2x.png */ = {isa = PBXFileReference; lastKnownFileType = image.png; path = "form@2x.png"; sourceTree = "<group>"; };
		41E3B35C1723A60800CF7E30 /* Item.h */ = {isa = PBXFileReference; fileEncoding = 4; lastKnownFileType = sourcecode.c.h; path = Item.h; sourceTree = "<group>"; };
		41E3B35D1723A60800CF7E30 /* Item.m */ = {isa = PBXFileReference; fileEncoding = 4; lastKnownFileType = sourcecode.c.objc; path = Item.m; sourceTree = "<group>"; };
		41E3B35F1723A73C00CF7E30 /* Form.h */ = {isa = PBXFileReference; fileEncoding = 4; lastKnownFileType = sourcecode.c.h; path = Form.h; sourceTree = "<group>"; };
		41E3B3601723A73C00CF7E30 /* Form.m */ = {isa = PBXFileReference; fileEncoding = 4; lastKnownFileType = sourcecode.c.objc; path = Form.m; sourceTree = "<group>"; };
		41E5907417234BB20067E971 /* Ukay.app */ = {isa = PBXFileReference; explicitFileType = wrapper.application; includeInIndex = 0; path = Ukay.app; sourceTree = BUILT_PRODUCTS_DIR; };
		41E5907717234BB20067E971 /* UIKit.framework */ = {isa = PBXFileReference; lastKnownFileType = wrapper.framework; name = UIKit.framework; path = System/Library/Frameworks/UIKit.framework; sourceTree = SDKROOT; };
		41E5907917234BB20067E971 /* Foundation.framework */ = {isa = PBXFileReference; lastKnownFileType = wrapper.framework; name = Foundation.framework; path = System/Library/Frameworks/Foundation.framework; sourceTree = SDKROOT; };
		41E5907B17234BB20067E971 /* CoreGraphics.framework */ = {isa = PBXFileReference; lastKnownFileType = wrapper.framework; name = CoreGraphics.framework; path = System/Library/Frameworks/CoreGraphics.framework; sourceTree = SDKROOT; };
		41E5907F17234BB20067E971 /* Ukay-Info.plist */ = {isa = PBXFileReference; lastKnownFileType = text.plist.xml; path = "Ukay-Info.plist"; sourceTree = "<group>"; };
		41E5908117234BB20067E971 /* en */ = {isa = PBXFileReference; lastKnownFileType = text.plist.strings; name = en; path = en.lproj/InfoPlist.strings; sourceTree = "<group>"; };
		41E5908317234BB20067E971 /* main.m */ = {isa = PBXFileReference; lastKnownFileType = sourcecode.c.objc; path = main.m; sourceTree = "<group>"; };
		41E5908517234BB20067E971 /* Ukay-Prefix.pch */ = {isa = PBXFileReference; lastKnownFileType = sourcecode.c.h; path = "Ukay-Prefix.pch"; sourceTree = "<group>"; };
		41E5908617234BB20067E971 /* AppDelegate.h */ = {isa = PBXFileReference; lastKnownFileType = sourcecode.c.h; path = AppDelegate.h; sourceTree = "<group>"; };
		41E5908717234BB20067E971 /* AppDelegate.m */ = {isa = PBXFileReference; lastKnownFileType = sourcecode.c.objc; path = AppDelegate.m; sourceTree = "<group>"; };
		41E5908917234BB20067E971 /* Default.png */ = {isa = PBXFileReference; lastKnownFileType = image.png; path = Default.png; sourceTree = "<group>"; };
		41E5908B17234BB20067E971 /* Default@2x.png */ = {isa = PBXFileReference; lastKnownFileType = image.png; path = "Default@2x.png"; sourceTree = "<group>"; };
		41E5908D17234BB20067E971 /* Default-568h@2x.png */ = {isa = PBXFileReference; lastKnownFileType = image.png; path = "Default-568h@2x.png"; sourceTree = "<group>"; };
		41E5908F17234BB20067E971 /* LoginViewController.h */ = {isa = PBXFileReference; lastKnownFileType = sourcecode.c.h; path = LoginViewController.h; sourceTree = "<group>"; };
		41E5909017234BB20067E971 /* LoginViewController.m */ = {isa = PBXFileReference; lastKnownFileType = sourcecode.c.objc; path = LoginViewController.m; sourceTree = "<group>"; };
		41E5909317234BB20067E971 /* en */ = {isa = PBXFileReference; lastKnownFileType = file.xib; name = en; path = en.lproj/LoginViewController.xib; sourceTree = "<group>"; };
/* End PBXFileReference section */

/* Begin PBXFrameworksBuildPhase section */
		41E5907117234BB20067E971 /* Frameworks */ = {
			isa = PBXFrameworksBuildPhase;
			buildActionMask = 2147483647;
			files = (
				41E5907817234BB20067E971 /* UIKit.framework in Frameworks */,
				41E5907A17234BB20067E971 /* Foundation.framework in Frameworks */,
				41E5907C17234BB20067E971 /* CoreGraphics.framework in Frameworks */,
			);
			runOnlyForDeploymentPostprocessing = 0;
		};
/* End PBXFrameworksBuildPhase section */

/* Begin PBXGroup section */
		41226C7D172380890034A050 /* ViewControllers */ = {
			isa = PBXGroup;
			children = (
				41226C7E1723809A0034A050 /* Login */,
				41E3B34417238B7E00CF7E30 /* Manifest */,
				41E3B3511723917800CF7E30 /* Form */,
			);
			name = ViewControllers;
			sourceTree = "<group>";
		};
		41226C7E1723809A0034A050 /* Login */ = {
			isa = PBXGroup;
			children = (
				41E5908F17234BB20067E971 /* LoginViewController.h */,
				41E5909017234BB20067E971 /* LoginViewController.m */,
				41E5909217234BB20067E971 /* LoginViewController.xib */,
			);
			name = Login;
			sourceTree = "<group>";
		};
		41226C7F172383FC0034A050 /* Resources */ = {
			isa = PBXGroup;
			children = (
				41E3B3571723A31400CF7E30 /* form.png */,
				41E3B3581723A31400CF7E30 /* form@2x.png */,
				41E3B33817238A3300CF7E30 /* buttonBackground.png */,
				41E3B33917238A3300CF7E30 /* buttonBackground@2x.png */,
				41E3B33A17238A3300CF7E30 /* buttonBackgroundPressed.png */,
				41E3B33B17238A3300CF7E30 /* buttonBackgroundPressed@2x.png */,
				41E3B33C17238A3300CF7E30 /* loginBackground.png */,
				41E3B33D17238A3300CF7E30 /* loginBackground@2x.png */,
			);
			name = Resources;
			sourceTree = "<group>";
		};
		41E3B34417238B7E00CF7E30 /* Manifest */ = {
			isa = PBXGroup;
			children = (
				41E3B34517238BB600CF7E30 /* ManifestViewController.h */,
				41E3B34617238BB600CF7E30 /* ManifestViewController.m */,
				41E3B34717238BB600CF7E30 /* ManifestViewController.xib */,
				41E3B34A17238ECD00CF7E30 /* ManifestCell.h */,
				41E3B34B17238ECD00CF7E30 /* ManifestCell.m */,
				41E3B34F17238EFA00CF7E30 /* ManifestCell.xib */,
			);
			name = Manifest;
			sourceTree = "<group>";
		};
		41E3B3511723917800CF7E30 /* Form */ = {
			isa = PBXGroup;
			children = (
				41E3B352172391C900CF7E30 /* FormViewController.h */,
				41E3B353172391C900CF7E30 /* FormViewController.m */,
				41E3B354172391C900CF7E30 /* FormViewController.xib */,
			);
			name = Form;
			sourceTree = "<group>";
		};
		41E3B35B1723A5DF00CF7E30 /* Models */ = {
			isa = PBXGroup;
			children = (
				41E3B35C1723A60800CF7E30 /* Item.h */,
				41E3B35D1723A60800CF7E30 /* Item.m */,
				41E3B35F1723A73C00CF7E30 /* Form.h */,
				41E3B3601723A73C00CF7E30 /* Form.m */,
			);
			name = Models;
			sourceTree = "<group>";
		};
		41E5906B17234BB20067E971 = {
			isa = PBXGroup;
			children = (
				41E5907D17234BB20067E971 /* Ukay */,
				41E5907617234BB20067E971 /* Frameworks */,
				41E5907517234BB20067E971 /* Products */,
			);
			sourceTree = "<group>";
		};
		41E5907517234BB20067E971 /* Products */ = {
			isa = PBXGroup;
			children = (
				41E5907417234BB20067E971 /* Ukay.app */,
			);
			name = Products;
			sourceTree = "<group>";
		};
		41E5907617234BB20067E971 /* Frameworks */ = {
			isa = PBXGroup;
			children = (
				41E5907717234BB20067E971 /* UIKit.framework */,
				41E5907917234BB20067E971 /* Foundation.framework */,
				41E5907B17234BB20067E971 /* CoreGraphics.framework */,
			);
			name = Frameworks;
			sourceTree = "<group>";
		};
		41E5907D17234BB20067E971 /* Ukay */ = {
			isa = PBXGroup;
			children = (
				41E5908617234BB20067E971 /* AppDelegate.h */,
				41E5908717234BB20067E971 /* AppDelegate.m */,
				41E3B35B1723A5DF00CF7E30 /* Models */,
				41226C7D172380890034A050 /* ViewControllers */,
				41226C7F172383FC0034A050 /* Resources */,
				41E5907E17234BB20067E971 /* Supporting Files */,
			);
			path = Ukay;
			sourceTree = "<group>";
		};
		41E5907E17234BB20067E971 /* Supporting Files */ = {
			isa = PBXGroup;
			children = (
				41E5907F17234BB20067E971 /* Ukay-Info.plist */,
				41E5908017234BB20067E971 /* InfoPlist.strings */,
				41E5908317234BB20067E971 /* main.m */,
				41E5908517234BB20067E971 /* Ukay-Prefix.pch */,
				41E5908917234BB20067E971 /* Default.png */,
				41E5908B17234BB20067E971 /* Default@2x.png */,
				41E5908D17234BB20067E971 /* Default-568h@2x.png */,
			);
			name = "Supporting Files";
			sourceTree = "<group>";
		};
/* End PBXGroup section */

/* Begin PBXNativeTarget section */
		41E5907317234BB20067E971 /* Ukay */ = {
			isa = PBXNativeTarget;
			buildConfigurationList = 41E5909717234BB20067E971 /* Build configuration list for PBXNativeTarget "Ukay" */;
			buildPhases = (
				41E5907017234BB20067E971 /* Sources */,
				41E5907117234BB20067E971 /* Frameworks */,
				41E5907217234BB20067E971 /* Resources */,
			);
			buildRules = (
			);
			dependencies = (
			);
			name = Ukay;
			productName = Ukay;
			productReference = 41E5907417234BB20067E971 /* Ukay.app */;
			productType = "com.apple.product-type.application";
		};
/* End PBXNativeTarget section */

/* Begin PBXProject section */
		41E5906C17234BB20067E971 /* Project object */ = {
			isa = PBXProject;
			attributes = {
				LastUpgradeCheck = 0460;
				ORGANIZATIONNAME = "David Mazzitelli";
			};
			buildConfigurationList = 41E5906F17234BB20067E971 /* Build configuration list for PBXProject "Ukay" */;
			compatibilityVersion = "Xcode 3.2";
			developmentRegion = English;
			hasScannedForEncodings = 0;
			knownRegions = (
				en,
			);
			mainGroup = 41E5906B17234BB20067E971;
			productRefGroup = 41E5907517234BB20067E971 /* Products */;
			projectDirPath = "";
			projectRoot = "";
			targets = (
				41E5907317234BB20067E971 /* Ukay */,
			);
		};
/* End PBXProject section */

/* Begin PBXResourcesBuildPhase section */
		41E5907217234BB20067E971 /* Resources */ = {
			isa = PBXResourcesBuildPhase;
			buildActionMask = 2147483647;
			files = (
				41E5908217234BB20067E971 /* InfoPlist.strings in Resources */,
				41E5908A17234BB20067E971 /* Default.png in Resources */,
				41E5908C17234BB20067E971 /* Default@2x.png in Resources */,
				41E5908E17234BB20067E971 /* Default-568h@2x.png in Resources */,
				41E5909417234BB20067E971 /* LoginViewController.xib in Resources */,
				41E3B33E17238A3300CF7E30 /* buttonBackground.png in Resources */,
				41E3B33F17238A3300CF7E30 /* buttonBackground@2x.png in Resources */,
				41E3B34017238A3300CF7E30 /* buttonBackgroundPressed.png in Resources */,
				41E3B34117238A3300CF7E30 /* buttonBackgroundPressed@2x.png in Resources */,
				41E3B34217238A3300CF7E30 /* loginBackground.png in Resources */,
				41E3B34317238A3300CF7E30 /* loginBackground@2x.png in Resources */,
				41E3B34917238BB600CF7E30 /* ManifestViewController.xib in Resources */,
				41E3B35017238EFA00CF7E30 /* ManifestCell.xib in Resources */,
				41E3B356172391C900CF7E30 /* FormViewController.xib in Resources */,
				41E3B3591723A31400CF7E30 /* form.png in Resources */,
				41E3B35A1723A31400CF7E30 /* form@2x.png in Resources */,
			);
			runOnlyForDeploymentPostprocessing = 0;
		};
/* End PBXResourcesBuildPhase section */

/* Begin PBXSourcesBuildPhase section */
		41E5907017234BB20067E971 /* Sources */ = {
			isa = PBXSourcesBuildPhase;
			buildActionMask = 2147483647;
			files = (
				41E5908417234BB20067E971 /* main.m in Sources */,
				41E5908817234BB20067E971 /* AppDelegate.m in Sources */,
				41E5909117234BB20067E971 /* LoginViewController.m in Sources */,
				41E3B34817238BB600CF7E30 /* ManifestViewController.m in Sources */,
				41E3B34C17238ECD00CF7E30 /* ManifestCell.m in Sources */,
				41E3B355172391C900CF7E30 /* FormViewController.m in Sources */,
				41E3B35E1723A60800CF7E30 /* Item.m in Sources */,
				41E3B3611723A73C00CF7E30 /* Form.m in Sources */,
			);
			runOnlyForDeploymentPostprocessing = 0;
		};
/* End PBXSourcesBuildPhase section */

/* Begin PBXVariantGroup section */
		41E5908017234BB20067E971 /* InfoPlist.strings */ = {
			isa = PBXVariantGroup;
			children = (
				41E5908117234BB20067E971 /* en */,
			);
			name = InfoPlist.strings;
			sourceTree = "<group>";
		};
		41E5909217234BB20067E971 /* LoginViewController.xib */ = {
			isa = PBXVariantGroup;
			children = (
				41E5909317234BB20067E971 /* en */,
			);
			name = LoginViewController.xib;
			sourceTree = "<group>";
		};
/* End PBXVariantGroup section */

/* Begin XCBuildConfiguration section */
		41E5909517234BB20067E971 /* Debug */ = {
			isa = XCBuildConfiguration;
			buildSettings = {
				ALWAYS_SEARCH_USER_PATHS = NO;
				CLANG_CXX_LANGUAGE_STANDARD = "gnu++0x";
				CLANG_CXX_LIBRARY = "libc++";
				CLANG_WARN_CONSTANT_CONVERSION = YES;
				CLANG_WARN_EMPTY_BODY = YES;
				CLANG_WARN_ENUM_CONVERSION = YES;
				CLANG_WARN_INT_CONVERSION = YES;
				CLANG_WARN__DUPLICATE_METHOD_MATCH = YES;
				"CODE_SIGN_IDENTITY[sdk=iphoneos*]" = "iPhone Developer";
				COPY_PHASE_STRIP = NO;
				GCC_C_LANGUAGE_STANDARD = gnu99;
				GCC_DYNAMIC_NO_PIC = NO;
				GCC_OPTIMIZATION_LEVEL = 0;
				GCC_PREPROCESSOR_DEFINITIONS = (
					"DEBUG=1",
					"$(inherited)",
				);
				GCC_SYMBOLS_PRIVATE_EXTERN = NO;
				GCC_WARN_ABOUT_RETURN_TYPE = YES;
				GCC_WARN_UNINITIALIZED_AUTOS = YES;
				GCC_WARN_UNUSED_VARIABLE = YES;
				IPHONEOS_DEPLOYMENT_TARGET = 6.1;
				ONLY_ACTIVE_ARCH = YES;
				SDKROOT = iphoneos;
				TARGETED_DEVICE_FAMILY = 2;
			};
			name = Debug;
		};
		41E5909617234BB20067E971 /* Release */ = {
			isa = XCBuildConfiguration;
			buildSettings = {
				ALWAYS_SEARCH_USER_PATHS = NO;
				CLANG_CXX_LANGUAGE_STANDARD = "gnu++0x";
				CLANG_CXX_LIBRARY = "libc++";
				CLANG_WARN_CONSTANT_CONVERSION = YES;
				CLANG_WARN_EMPTY_BODY = YES;
				CLANG_WARN_ENUM_CONVERSION = YES;
				CLANG_WARN_INT_CONVERSION = YES;
				CLANG_WARN__DUPLICATE_METHOD_MATCH = YES;
				"CODE_SIGN_IDENTITY[sdk=iphoneos*]" = "iPhone Developer";
				COPY_PHASE_STRIP = YES;
				GCC_C_LANGUAGE_STANDARD = gnu99;
				GCC_WARN_ABOUT_RETURN_TYPE = YES;
				GCC_WARN_UNINITIALIZED_AUTOS = YES;
				GCC_WARN_UNUSED_VARIABLE = YES;
				IPHONEOS_DEPLOYMENT_TARGET = 6.1;
				OTHER_CFLAGS = "-DNS_BLOCK_ASSERTIONS=1";
				SDKROOT = iphoneos;
				TARGETED_DEVICE_FAMILY = 2;
				VALIDATE_PRODUCT = YES;
			};
			name = Release;
		};
		41E5909817234BB20067E971 /* Debug */ = {
			isa = XCBuildConfiguration;
			buildSettings = {
				GCC_PRECOMPILE_PREFIX_HEADER = YES;
				GCC_PREFIX_HEADER = "Ukay/Ukay-Prefix.pch";
				INFOPLIST_FILE = "Ukay/Ukay-Info.plist";
				IPHONEOS_DEPLOYMENT_TARGET = 5.0;
				PRODUCT_NAME = "$(TARGET_NAME)";
				WRAPPER_EXTENSION = app;
			};
			name = Debug;
		};
		41E5909917234BB20067E971 /* Release */ = {
			isa = XCBuildConfiguration;
			buildSettings = {
				GCC_PRECOMPILE_PREFIX_HEADER = YES;
				GCC_PREFIX_HEADER = "Ukay/Ukay-Prefix.pch";
				INFOPLIST_FILE = "Ukay/Ukay-Info.plist";
				IPHONEOS_DEPLOYMENT_TARGET = 5.0;
				PRODUCT_NAME = "$(TARGET_NAME)";
				WRAPPER_EXTENSION = app;
			};
			name = Release;
		};
/* End XCBuildConfiguration section */

/* Begin XCConfigurationList section */
		41E5906F17234BB20067E971 /* Build configuration list for PBXProject "Ukay" */ = {
			isa = XCConfigurationList;
			buildConfigurations = (
				41E5909517234BB20067E971 /* Debug */,
				41E5909617234BB20067E971 /* Release */,
			);
			defaultConfigurationIsVisible = 0;
			defaultConfigurationName = Release;
		};
		41E5909717234BB20067E971 /* Build configuration list for PBXNativeTarget "Ukay" */ = {
			isa = XCConfigurationList;
			buildConfigurations = (
				41E5909817234BB20067E971 /* Debug */,
				41E5909917234BB20067E971 /* Release */,
			);
			defaultConfigurationIsVisible = 0;
			defaultConfigurationName = Release;
		};
/* End XCConfigurationList section */
	};
	rootObject = 41E5906C17234BB20067E971 /* Project object */;
}
